
Microsoft Visual Studio Solution File, Format Version 12.00
# Visual Studio 15
VisualStudioVersion = 15.0.34112.143
MinimumVisualStudioVersion = 10.0.40219.1
Project("{FAE04EC0-301F-11D3-BF4B-00C04F79EFBC}") = "Central", "Central\Central.csproj", "{F866B3CF-D0C9-4A8A-90A1-8EB2F8BC9F6E}"
EndProject
Project("{54435603-DBB4-11D2-8724-00A0C9A8B90C}") = "InstaChente", "InstaChente\InstaChente.vdproj", "{DACBD39C-08D4-4AD3-A18F-E9F0C64C1A42}"
EndProject
Global
	GlobalSection(SolutionConfigurationPlatforms) = preSolution
		Debug|Any CPU = Debug|Any CPU
		Debug|Default = Debug|Default
		Release|Any CPU = Release|Any CPU
		Release|Default = Release|Default
	EndGlobalSection
	GlobalSection(ProjectConfigurationPlatforms) = postSolution
		{F866B3CF-D0C9-4A8A-90A1-8EB2F8BC9F6E}.Debug|Any CPU.ActiveCfg = Debug|Any CPU
		{F866B3CF-D0C9-4A8A-90A1-8EB2F8BC9F6E}.Debug|Any CPU.Build.0 = Debug|Any CPU
		{F866B3CF-D0C9-4A8A-90A1-8EB2F8BC9F6E}.Debug|Default.ActiveCfg = Debug|Any CPU
		{F866B3CF-D0C9-4A8A-90A1-8EB2F8BC9F6E}.Debug|Default.Build.0 = Debug|Any CPU
		{F866B3CF-D0C9-4A8A-90A1-8EB2F8BC9F6E}.Release|Any CPU.ActiveCfg = Release|Any CPU
		{F866B3CF-D0C9-4A8A-90A1-8EB2F8BC9F6E}.Release|Any CPU.Build.0 = Release|Any CPU
		{F866B3CF-D0C9-4A8A-90A1-8EB2F8BC9F6E}.Release|Default.ActiveCfg = Release|Any CPU
		{F866B3CF-D0C9-4A8A-90A1-8EB2F8BC9F6E}.Release|Default.Build.0 = Release|Any CPU
		{DACBD39C-08D4-4AD3-A18F-E9F0C64C1A42}.Debug|Any CPU.ActiveCfg = Debug
		{DACBD39C-08D4-4AD3-A18F-E9F0C64C1A42}.Debug|Default.ActiveCfg = Debug
		{DACBD39C-08D4-4AD3-A18F-E9F0C64C1A42}.Debug|Default.Build.0 = Debug
		{DACBD39C-08D4-4AD3-A18F-E9F0C64C1A42}.Release|Any CPU.ActiveCfg = Release
		{DACBD39C-08D4-4AD3-A18F-E9F0C64C1A42}.Release|Any CPU.Build.0 = Release
		{DACBD39C-08D4-4AD3-A18F-E9F0C64C1A42}.Release|Default.ActiveCfg = Release
		{DACBD39C-08D4-4AD3-A18F-E9F0C64C1A42}.Release|Default.Build.0 = Release
	EndGlobalSection
	GlobalSection(SolutionProperties) = preSolution
		HideSolutionNode = FALSE
	EndGlobalSection
	GlobalSection(ExtensibilityGlobals) = postSolution
		SolutionGuid = {04C32B68-302B-4A2F-8B73-66B473CA7CE7}
	EndGlobalSection
	GlobalSection(SolutionConfigurationPlatforms) = preSolution
		Debug|Any CPU = Debug|Any CPU
		Debug|Default = Debug|Default
		Release|Any CPU = Release|Any CPU
		Release|Default = Release|Default
	EndGlobalSection
	GlobalSection(SolutionConfigurationPlatforms) = preSolution
		Debug|Any CPU = Debug|Any CPU
		Debug|Default = Debug|Default
		Release|Any CPU = Release|Any CPU
		Release|Default = Release|Default
	EndGlobalSection
EndGlobal
